
Microsoft Visual Studio Solution File, Format Version 12.00
Project("{FAE04EC0-301F-11D3-BF4B-00C04F79EFBC}") = "EmployeeApi", "EmployeeApi\EmployeeApi.csproj", "{4AEEEE13-F318-4D48-A85A-0C19D8D240A7}"
EndProject
Global
	GlobalSection(SolutionConfigurationPlatforms) = preSolution
		Debug|Any CPU = Debug|Any CPU
		Release|Any CPU = Release|Any CPU
	EndGlobalSection
	GlobalSection(ProjectConfigurationPlatforms) = postSolution
		{4AEEEE13-F318-4D48-A85A-0C19D8D240A7}.Debug|Any CPU.ActiveCfg = Debug|Any CPU
		{4AEEEE13-F318-4D48-A85A-0C19D8D240A7}.Debug|Any CPU.Build.0 = Debug|Any CPU
		{4AEEEE13-F318-4D48-A85A-0C19D8D240A7}.Release|Any CPU.ActiveCfg = Release|Any CPU
		{4AEEEE13-F318-4D48-A85A-0C19D8D240A7}.Release|Any CPU.Build.0 = Release|Any CPU
	EndGlobalSection
EndGlobal
